// !$*UTF8*$!
{
	archiveVersion = 1;
	classes = {
	};
	objectVersion = 50;
	objects = {

/* Begin PBXBuildFile section */
		7F084DAD257BC57C007A5A1A /* AppDelegate.swift in Sources */ = {isa = PBXBuildFile; fileRef = 7F084DAC257BC57C007A5A1A /* AppDelegate.swift */; };
		7F084DAF257BC57C007A5A1A /* SceneDelegate.swift in Sources */ = {isa = PBXBuildFile; fileRef = 7F084DAE257BC57C007A5A1A /* SceneDelegate.swift */; };
		7F084DB1257BC57C007A5A1A /* ViewController.swift in Sources */ = {isa = PBXBuildFile; fileRef = 7F084DB0257BC57C007A5A1A /* ViewController.swift */; };
		7F084DB4257BC57C007A5A1A /* Main.storyboard in Resources */ = {isa = PBXBuildFile; fileRef = 7F084DB2257BC57C007A5A1A /* Main.storyboard */; };
		7F084DB6257BC582007A5A1A /* Assets.xcassets in Resources */ = {isa = PBXBuildFile; fileRef = 7F084DB5257BC582007A5A1A /* Assets.xcassets */; };
		7F084DB9257BC582007A5A1A /* LaunchScreen.storyboard in Resources */ = {isa = PBXBuildFile; fileRef = 7F084DB7257BC582007A5A1A /* LaunchScreen.storyboard */; };
		7F084DC2257BEF4B007A5A1A /* ItemTableViewCell.swift in Sources */ = {isa = PBXBuildFile; fileRef = 7F084DC1257BEF4B007A5A1A /* ItemTableViewCell.swift */; };
		7F084DC5257BF444007A5A1A /* Item.swift in Sources */ = {isa = PBXBuildFile; fileRef = 7F084DC4257BF444007A5A1A /* Item.swift */; };
		7F084DC8257BF6F2007A5A1A /* ItemTableViewController.swift in Sources */ = {isa = PBXBuildFile; fileRef = 7F084DC7257BF6F2007A5A1A /* ItemTableViewController.swift */; };
/* End PBXBuildFile section */

/* Begin PBXFileReference section */
		7F084DA9257BC57C007A5A1A /* FirstApp.app */ = {isa = PBXFileReference; explicitFileType = wrapper.application; includeInIndex = 0; path = FirstApp.app; sourceTree = BUILT_PRODUCTS_DIR; };
		7F084DAC257BC57C007A5A1A /* AppDelegate.swift */ = {isa = PBXFileReference; lastKnownFileType = sourcecode.swift; path = AppDelegate.swift; sourceTree = "<group>"; };
		7F084DAE257BC57C007A5A1A /* SceneDelegate.swift */ = {isa = PBXFileReference; lastKnownFileType = sourcecode.swift; path = SceneDelegate.swift; sourceTree = "<group>"; };
		7F084DB0257BC57C007A5A1A /* ViewController.swift */ = {isa = PBXFileReference; lastKnownFileType = sourcecode.swift; path = ViewController.swift; sourceTree = "<group>"; };
		7F084DB3257BC57C007A5A1A /* Base */ = {isa = PBXFileReference; lastKnownFileType = file.storyboard; name = Base; path = Base.lproj/Main.storyboard; sourceTree = "<group>"; };
		7F084DB5257BC582007A5A1A /* Assets.xcassets */ = {isa = PBXFileReference; lastKnownFileType = folder.assetcatalog; path = Assets.xcassets; sourceTree = "<group>"; };
		7F084DB8257BC582007A5A1A /* Base */ = {isa = PBXFileReference; lastKnownFileType = file.storyboard; name = Base; path = Base.lproj/LaunchScreen.storyboard; sourceTree = "<group>"; };
		7F084DBA257BC582007A5A1A /* Info.plist */ = {isa = PBXFileReference; lastKnownFileType = text.plist.xml; path = Info.plist; sourceTree = "<group>"; };
		7F084DC1257BEF4B007A5A1A /* ItemTableViewCell.swift */ = {isa = PBXFileReference; lastKnownFileType = sourcecode.swift; path = ItemTableViewCell.swift; sourceTree = "<group>"; };
		7F084DC4257BF444007A5A1A /* Item.swift */ = {isa = PBXFileReference; lastKnownFileType = sourcecode.swift; path = Item.swift; sourceTree = "<group>"; };
		7F084DC7257BF6F2007A5A1A /* ItemTableViewController.swift */ = {isa = PBXFileReference; lastKnownFileType = sourcecode.swift; path = ItemTableViewController.swift; sourceTree = "<group>"; };
/* End PBXFileReference section */

/* Begin PBXFrameworksBuildPhase section */
		7F084DA6257BC57C007A5A1A /* Frameworks */ = {
			isa = PBXFrameworksBuildPhase;
			buildActionMask = 2147483647;
			files = (
			);
			runOnlyForDeploymentPostprocessing = 0;
		};
/* End PBXFrameworksBuildPhase section */

/* Begin PBXGroup section */
		7F084DA0257BC57B007A5A1A = {
			isa = PBXGroup;
			children = (
				7F084DAB257BC57C007A5A1A /* FirstApp */,
				7F084DAA257BC57C007A5A1A /* Products */,
			);
			sourceTree = "<group>";
		};
		7F084DAA257BC57C007A5A1A /* Products */ = {
			isa = PBXGroup;
			children = (
				7F084DA9257BC57C007A5A1A /* FirstApp.app */,
			);
			name = Products;
			sourceTree = "<group>";
		};
		7F084DAB257BC57C007A5A1A /* FirstApp */ = {
			isa = PBXGroup;
			children = (
				7F084DAC257BC57C007A5A1A /* AppDelegate.swift */,
				7F084DAE257BC57C007A5A1A /* SceneDelegate.swift */,
				7F084DB0257BC57C007A5A1A /* ViewController.swift */,
				7F084DB2257BC57C007A5A1A /* Main.storyboard */,
				7F084DC4257BF444007A5A1A /* Item.swift */,
				7F084DC7257BF6F2007A5A1A /* ItemTableViewController.swift */,
				7F084DC1257BEF4B007A5A1A /* ItemTableViewCell.swift */,
				7F084DB5257BC582007A5A1A /* Assets.xcassets */,
				7F084DB7257BC582007A5A1A /* LaunchScreen.storyboard */,
				7F084DBA257BC582007A5A1A /* Info.plist */,
			);
			path = FirstApp;
			sourceTree = "<group>";
		};
/* End PBXGroup section */

/* Begin PBXNativeTarget section */
		7F084DA8257BC57C007A5A1A /* FirstApp */ = {
			isa = PBXNativeTarget;
			buildConfigurationList = 7F084DBD257BC582007A5A1A /* Build configuration list for PBXNativeTarget "FirstApp" */;
			buildPhases = (
				7F084DA5257BC57C007A5A1A /* Sources */,
				7F084DA6257BC57C007A5A1A /* Frameworks */,
				7F084DA7257BC57C007A5A1A /* Resources */,
			);
			buildRules = (
			);
			dependencies = (
			);
			name = FirstApp;
			productName = FirstApp;
			productReference = 7F084DA9257BC57C007A5A1A /* FirstApp.app */;
			productType = "com.apple.product-type.application";
		};
/* End PBXNativeTarget section */

/* Begin PBXProject section */
		7F084DA1257BC57B007A5A1A /* Project object */ = {
			isa = PBXProject;
			attributes = {
				LastSwiftUpdateCheck = 1220;
				LastUpgradeCheck = 1220;
				TargetAttributes = {
					7F084DA8257BC57C007A5A1A = {
						CreatedOnToolsVersion = 12.2;
					};
				};
			};
			buildConfigurationList = 7F084DA4257BC57B007A5A1A /* Build configuration list for PBXProject "FirstApp" */;
			compatibilityVersion = "Xcode 9.3";
			developmentRegion = en;
			hasScannedForEncodings = 0;
			knownRegions = (
				en,
				Base,
			);
			mainGroup = 7F084DA0257BC57B007A5A1A;
			productRefGroup = 7F084DAA257BC57C007A5A1A /* Products */;
			projectDirPath = "";
			projectRoot = "";
			targets = (
				7F084DA8257BC57C007A5A1A /* FirstApp */,
			);
		};
/* End PBXProject section */

/* Begin PBXResourcesBuildPhase section */
		7F084DA7257BC57C007A5A1A /* Resources */ = {
			isa = PBXResourcesBuildPhase;
			buildActionMask = 2147483647;
			files = (
				7F084DB9257BC582007A5A1A /* LaunchScreen.storyboard in Resources */,
				7F084DB6257BC582007A5A1A /* Assets.xcassets in Resources */,
				7F084DB4257BC57C007A5A1A /* Main.storyboard in Resources */,
			);
			runOnlyForDeploymentPostprocessing = 0;
		};
/* End PBXResourcesBuildPhase section */

/* Begin PBXSourcesBuildPhase section */
		7F084DA5257BC57C007A5A1A /* Sources */ = {
			isa = PBXSourcesBuildPhase;
			buildActionMask = 2147483647;
			files = (
				7F084DC5257BF444007A5A1A /* Item.swift in Sources */,
				7F084DC2257BEF4B007A5A1A /* ItemTableViewCell.swift in Sources */,
				7F084DB1257BC57C007A5A1A /* ViewController.swift in Sources */,
				7F084DAD257BC57C007A5A1A /* AppDelegate.swift in Sources */,
				7F084DC8257BF6F2007A5A1A /* ItemTableViewController.swift in Sources */,
				7F084DAF257BC57C007A5A1A /* SceneDelegate.swift in Sources */,
			);
			runOnlyForDeploymentPostprocessing = 0;
		};
/* End PBXSourcesBuildPhase section */

/* Begin PBXVariantGroup section */
		7F084DB2257BC57C007A5A1A /* Main.storyboard */ = {
			isa = PBXVariantGroup;
			children = (
				7F084DB3257BC57C007A5A1A /* Base */,
			);
			name = Main.storyboard;
			sourceTree = "<group>";
		};
		7F084DB7257BC582007A5A1A /* LaunchScreen.storyboard */ = {
			isa = PBXVariantGroup;
			children = (
				7F084DB8257BC582007A5A1A /* Base */,
			);
			name = LaunchScreen.storyboard;
			sourceTree = "<group>";
		};
/* End PBXVariantGroup section */

/* Begin XCBuildConfiguration section */
		7F084DBB257BC582007A5A1A /* Debug */ = {
			isa = XCBuildConfiguration;
			buildSettings = {
				ALWAYS_SEARCH_USER_PATHS = NO;
				CLANG_ANALYZER_NONNULL = YES;
				CLANG_ANALYZER_NUMBER_OBJECT_CONVERSION = YES_AGGRESSIVE;
				CLANG_CXX_LANGUAGE_STANDARD = "gnu++14";
				CLANG_CXX_LIBRARY = "libc++";
				CLANG_ENABLE_MODULES = YES;
				CLANG_ENABLE_OBJC_ARC = YES;
				CLANG_ENABLE_OBJC_WEAK = YES;
				CLANG_WARN_BLOCK_CAPTURE_AUTORELEASING = YES;
				CLANG_WARN_BOOL_CONVERSION = YES;
				CLANG_WARN_COMMA = YES;
				CLANG_WARN_CONSTANT_CONVERSION = YES;
				CLANG_WARN_DEPRECATED_OBJC_IMPLEMENTATIONS = YES;
				CLANG_WARN_DIRECT_OBJC_ISA_USAGE = YES_ERROR;
				CLANG_WARN_DOCUMENTATION_COMMENTS = YES;
				CLANG_WARN_EMPTY_BODY = YES;
				CLANG_WARN_ENUM_CONVERSION = YES;
				CLANG_WARN_INFINITE_RECURSION = YES;
				CLANG_WARN_INT_CONVERSION = YES;
				CLANG_WARN_NON_LITERAL_NULL_CONVERSION = YES;
				CLANG_WARN_OBJC_IMPLICIT_RETAIN_SELF = YES;
				CLANG_WARN_OBJC_LITERAL_CONVERSION = YES;
				CLANG_WARN_OBJC_ROOT_CLASS = YES_ERROR;
				CLANG_WARN_QUOTED_INCLUDE_IN_FRAMEWORK_HEADER = YES;
				CLANG_WARN_RANGE_LOOP_ANALYSIS = YES;
				CLANG_WARN_STRICT_PROTOTYPES = YES;
				CLANG_WARN_SUSPICIOUS_MOVE = YES;
				CLANG_WARN_UNGUARDED_AVAILABILITY = YES_AGGRESSIVE;
				CLANG_WARN_UNREACHABLE_CODE = YES;
				CLANG_WARN__DUPLICATE_METHOD_MATCH = YES;
				COPY_PHASE_STRIP = NO;
				DEBUG_INFORMATION_FORMAT = dwarf;
				ENABLE_STRICT_OBJC_MSGSEND = YES;
				ENABLE_TESTABILITY = YES;
				GCC_C_LANGUAGE_STANDARD = gnu11;
				GCC_DYNAMIC_NO_PIC = NO;
				GCC_NO_COMMON_BLOCKS = YES;
				GCC_OPTIMIZATION_LEVEL = 0;
				GCC_PREPROCESSOR_DEFINITIONS = (
					"DEBUG=1",
					"$(inherited)",
				);
				GCC_WARN_64_TO_32_BIT_CONVERSION = YES;
				GCC_WARN_ABOUT_RETURN_TYPE = YES_ERROR;
				GCC_WARN_UNDECLARED_SELECTOR = YES;
				GCC_WARN_UNINITIALIZED_AUTOS = YES_AGGRESSIVE;
				GCC_WARN_UNUSED_FUNCTION = YES;
				GCC_WARN_UNUSED_VARIABLE = YES;
				IPHONEOS_DEPLOYMENT_TARGET = 14.2;
				MTL_ENABLE_DEBUG_INFO = INCLUDE_SOURCE;
				MTL_FAST_MATH = YES;
				ONLY_ACTIVE_ARCH = YES;
				SDKROOT = iphoneos;
				SWIFT_ACTIVE_COMPILATION_CONDITIONS = DEBUG;
				SWIFT_OPTIMIZATION_LEVEL = "-Onone";
			};
			name = Debug;
		};
		7F084DBC257BC582007A5A1A /* Release */ = {
			isa = XCBuildConfiguration;
			buildSettings = {
				ALWAYS_SEARCH_USER_PATHS = NO;
				CLANG_ANALYZER_NONNULL = YES;
				CLANG_ANALYZER_NUMBER_OBJECT_CONVERSION = YES_AGGRESSIVE;
				CLANG_CXX_LANGUAGE_STANDARD = "gnu++14";
				CLANG_CXX_LIBRARY = "libc++";
				CLANG_ENABLE_MODULES = YES;
				CLANG_ENABLE_OBJC_ARC = YES;
				CLANG_ENABLE_OBJC_WEAK = YES;
				CLANG_WARN_BLOCK_CAPTURE_AUTORELEASING = YES;
				CLANG_WARN_BOOL_CONVERSION = YES;
				CLANG_WARN_COMMA = YES;
				CLANG_WARN_CONSTANT_CONVERSION = YES;
				CLANG_WARN_DEPRECATED_OBJC_IMPLEMENTATIONS = YES;
				CLANG_WARN_DIRECT_OBJC_ISA_USAGE = YES_ERROR;
				CLANG_WARN_DOCUMENTATION_COMMENTS = YES;
				CLANG_WARN_EMPTY_BODY = YES;
				CLANG_WARN_ENUM_CONVERSION = YES;
				CLANG_WARN_INFINITE_RECURSION = YES;
				CLANG_WARN_INT_CONVERSION = YES;
				CLANG_WARN_NON_LITERAL_NULL_CONVERSION = YES;
				CLANG_WARN_OBJC_IMPLICIT_RETAIN_SELF = YES;
				CLANG_WARN_OBJC_LITERAL_CONVERSION = YES;
				CLANG_WARN_OBJC_ROOT_CLASS = YES_ERROR;
				CLANG_WARN_QUOTED_INCLUDE_IN_FRAMEWORK_HEADER = YES;
				CLANG_WARN_RANGE_LOOP_ANALYSIS = YES;
				CLANG_WARN_STRICT_PROTOTYPES = YES;
				CLANG_WARN_SUSPICIOUS_MOVE = YES;
				CLANG_WARN_UNGUARDED_AVAILABILITY = YES_AGGRESSIVE;
				CLANG_WARN_UNREACHABLE_CODE = YES;
				CLANG_WARN__DUPLICATE_METHOD_MATCH = YES;
				COPY_PHASE_STRIP = NO;
				DEBUG_INFORMATION_FORMAT = "dwarf-with-dsym";
				ENABLE_NS_ASSERTIONS = NO;
				ENABLE_STRICT_OBJC_MSGSEND = YES;
				GCC_C_LANGUAGE_STANDARD = gnu11;
				GCC_NO_COMMON_BLOCKS = YES;
				GCC_WARN_64_TO_32_BIT_CONVERSION = YES;
				GCC_WARN_ABOUT_RETURN_TYPE = YES_ERROR;
				GCC_WARN_UNDECLARED_SELECTOR = YES;
				GCC_WARN_UNINITIALIZED_AUTOS = YES_AGGRESSIVE;
				GCC_WARN_UNUSED_FUNCTION = YES;
				GCC_WARN_UNUSED_VARIABLE = YES;
				IPHONEOS_DEPLOYMENT_TARGET = 14.2;
				MTL_ENABLE_DEBUG_INFO = NO;
				MTL_FAST_MATH = YES;
				SDKROOT = iphoneos;
				SWIFT_COMPILATION_MODE = wholemodule;
				SWIFT_OPTIMIZATION_LEVEL = "-O";
				VALIDATE_PRODUCT = YES;
			};
			name = Release;
		};
		7F084DBE257BC582007A5A1A /* Debug */ = {
			isa = XCBuildConfiguration;
			buildSettings = {
				ASSETCATALOG_COMPILER_APPICON_NAME = AppIcon;
				ASSETCATALOG_COMPILER_GLOBAL_ACCENT_COLOR_NAME = AccentColor;
				CODE_SIGN_STYLE = Automatic;
				DEVELOPMENT_TEAM = 45URK3WFF7;
				INFOPLIST_FILE = FirstApp/Info.plist;
				LD_RUNPATH_SEARCH_PATHS = (
					"$(inherited)",
					"@executable_path/Frameworks",
				);
				PRODUCT_BUNDLE_IDENTIFIER = com.obaze.project.FirstApp;
				PRODUCT_NAME = "$(TARGET_NAME)";
				SWIFT_VERSION = 5.0;
				TARGETED_DEVICE_FAMILY = "1,2";
			};
			name = Debug;
		};
		7F084DBF257BC582007A5A1A /* Release */ = {
			isa = XCBuildConfiguration;
			buildSettings = {
				ASSETCATALOG_COMPILER_APPICON_NAME = AppIcon;
				ASSETCATALOG_COMPILER_GLOBAL_ACCENT_COLOR_NAME = AccentColor;
				CODE_SIGN_STYLE = Automatic;
				DEVELOPMENT_TEAM = 45URK3WFF7;
				INFOPLIST_FILE = FirstApp/Info.plist;
				LD_RUNPATH_SEARCH_PATHS = (
					"$(inherited)",
					"@executable_path/Frameworks",
				);
				PRODUCT_BUNDLE_IDENTIFIER = com.obaze.project.FirstApp;
				PRODUCT_NAME = "$(TARGET_NAME)";
				SWIFT_VERSION = 5.0;
				TARGETED_DEVICE_FAMILY = "1,2";
			};
			name = Release;
		};
/* End XCBuildConfiguration section */

/* Begin XCConfigurationList section */
		7F084DA4257BC57B007A5A1A /* Build configuration list for PBXProject "FirstApp" */ = {
			isa = XCConfigurationList;
			buildConfigurations = (
				7F084DBB257BC582007A5A1A /* Debug */,
				7F084DBC257BC582007A5A1A /* Release */,
			);
			defaultConfigurationIsVisible = 0;
			defaultConfigurationName = Release;
		};
		7F084DBD257BC582007A5A1A /* Build configuration list for PBXNativeTarget "FirstApp" */ = {
			isa = XCConfigurationList;
			buildConfigurations = (
				7F084DBE257BC582007A5A1A /* Debug */,
				7F084DBF257BC582007A5A1A /* Release */,
			);
			defaultConfigurationIsVisible = 0;
			defaultConfigurationName = Release;
		};
/* End XCConfigurationList section */
	};
	rootObject = 7F084DA1257BC57B007A5A1A /* Project object */;
}
