// !$*UTF8*$!
{
	archiveVersion = 1;
	classes = {
	};
	objectVersion = 50;
	objects = {

/* Begin PBXBuildFile section */
		7F409FD8258CEF380099EE6D /* AppDelegate.swift in Sources */ = {isa = PBXBuildFile; fileRef = 7F409FD7258CEF380099EE6D /* AppDelegate.swift */; };
		7F409FDA258CEF380099EE6D /* SceneDelegate.swift in Sources */ = {isa = PBXBuildFile; fileRef = 7F409FD9258CEF380099EE6D /* SceneDelegate.swift */; };
		7F409FDC258CEF380099EE6D /* ViewController.swift in Sources */ = {isa = PBXBuildFile; fileRef = 7F409FDB258CEF380099EE6D /* ViewController.swift */; };
		7F409FDF258CEF380099EE6D /* Main.storyboard in Resources */ = {isa = PBXBuildFile; fileRef = 7F409FDD258CEF380099EE6D /* Main.storyboard */; };
		7F409FE1258CEF3B0099EE6D /* Assets.xcassets in Resources */ = {isa = PBXBuildFile; fileRef = 7F409FE0258CEF3B0099EE6D /* Assets.xcassets */; };
		7F409FE4258CEF3B0099EE6D /* LaunchScreen.storyboard in Resources */ = {isa = PBXBuildFile; fileRef = 7F409FE2258CEF3B0099EE6D /* LaunchScreen.storyboard */; };
		7F409FF2258CF15A0099EE6D /* StarWarsTableViewCell.swift in Sources */ = {isa = PBXBuildFile; fileRef = 7F409FF0258CF15A0099EE6D /* StarWarsTableViewCell.swift */; };
		7F409FF3258CF15A0099EE6D /* StarWarsTableViewCell.xib in Resources */ = {isa = PBXBuildFile; fileRef = 7F409FF1258CF15A0099EE6D /* StarWarsTableViewCell.xib */; };
		7F409FF6258CF1C80099EE6D /* StarWars.swift in Sources */ = {isa = PBXBuildFile; fileRef = 7F409FF5258CF1C80099EE6D /* StarWars.swift */; };
		7F409FF9258CF5A60099EE6D /* NetworkManager.swift in Sources */ = {isa = PBXBuildFile; fileRef = 7F409FF8258CF5A60099EE6D /* NetworkManager.swift */; };
		7F40A000258D1CAD0099EE6D /* CharacterViewController.swift in Sources */ = {isa = PBXBuildFile; fileRef = 7F409FFF258D1CAD0099EE6D /* CharacterViewController.swift */; };
/* End PBXBuildFile section */

/* Begin PBXFileReference section */
		7F409FD4258CEF380099EE6D /* StarWars.app */ = {isa = PBXFileReference; explicitFileType = wrapper.application; includeInIndex = 0; path = StarWars.app; sourceTree = BUILT_PRODUCTS_DIR; };
		7F409FD7258CEF380099EE6D /* AppDelegate.swift */ = {isa = PBXFileReference; lastKnownFileType = sourcecode.swift; path = AppDelegate.swift; sourceTree = "<group>"; };
		7F409FD9258CEF380099EE6D /* SceneDelegate.swift */ = {isa = PBXFileReference; lastKnownFileType = sourcecode.swift; path = SceneDelegate.swift; sourceTree = "<group>"; };
		7F409FDB258CEF380099EE6D /* ViewController.swift */ = {isa = PBXFileReference; lastKnownFileType = sourcecode.swift; path = ViewController.swift; sourceTree = "<group>"; };
		7F409FDE258CEF380099EE6D /* Base */ = {isa = PBXFileReference; lastKnownFileType = file.storyboard; name = Base; path = Base.lproj/Main.storyboard; sourceTree = "<group>"; };
		7F409FE0258CEF3B0099EE6D /* Assets.xcassets */ = {isa = PBXFileReference; lastKnownFileType = folder.assetcatalog; path = Assets.xcassets; sourceTree = "<group>"; };
		7F409FE3258CEF3B0099EE6D /* Base */ = {isa = PBXFileReference; lastKnownFileType = file.storyboard; name = Base; path = Base.lproj/LaunchScreen.storyboard; sourceTree = "<group>"; };
		7F409FE5258CEF3B0099EE6D /* Info.plist */ = {isa = PBXFileReference; lastKnownFileType = text.plist.xml; path = Info.plist; sourceTree = "<group>"; };
		7F409FF0258CF15A0099EE6D /* StarWarsTableViewCell.swift */ = {isa = PBXFileReference; lastKnownFileType = sourcecode.swift; path = StarWarsTableViewCell.swift; sourceTree = "<group>"; };
		7F409FF1258CF15A0099EE6D /* StarWarsTableViewCell.xib */ = {isa = PBXFileReference; lastKnownFileType = file.xib; path = StarWarsTableViewCell.xib; sourceTree = "<group>"; };
		7F409FF5258CF1C80099EE6D /* StarWars.swift */ = {isa = PBXFileReference; lastKnownFileType = sourcecode.swift; path = StarWars.swift; sourceTree = "<group>"; };
		7F409FF8258CF5A60099EE6D /* NetworkManager.swift */ = {isa = PBXFileReference; lastKnownFileType = sourcecode.swift; path = NetworkManager.swift; sourceTree = "<group>"; };
		7F409FFF258D1CAD0099EE6D /* CharacterViewController.swift */ = {isa = PBXFileReference; lastKnownFileType = sourcecode.swift; path = CharacterViewController.swift; sourceTree = "<group>"; };
/* End PBXFileReference section */

/* Begin PBXFrameworksBuildPhase section */
		7F409FD1258CEF380099EE6D /* Frameworks */ = {
			isa = PBXFrameworksBuildPhase;
			buildActionMask = 2147483647;
			files = (
			);
			runOnlyForDeploymentPostprocessing = 0;
		};
/* End PBXFrameworksBuildPhase section */

/* Begin PBXGroup section */
		7F409FCB258CEF380099EE6D = {
			isa = PBXGroup;
			children = (
				7F409FD6258CEF380099EE6D /* StarWars */,
				7F409FD5258CEF380099EE6D /* Products */,
			);
			sourceTree = "<group>";
		};
		7F409FD5258CEF380099EE6D /* Products */ = {
			isa = PBXGroup;
			children = (
				7F409FD4258CEF380099EE6D /* StarWars.app */,
			);
			name = Products;
			sourceTree = "<group>";
		};
		7F409FD6258CEF380099EE6D /* StarWars */ = {
			isa = PBXGroup;
			children = (
				7F409FD7258CEF380099EE6D /* AppDelegate.swift */,
				7F409FD9258CEF380099EE6D /* SceneDelegate.swift */,
				7F409FDB258CEF380099EE6D /* ViewController.swift */,
				7F409FDD258CEF380099EE6D /* Main.storyboard */,
				7F409FE0258CEF3B0099EE6D /* Assets.xcassets */,
				7F409FE2258CEF3B0099EE6D /* LaunchScreen.storyboard */,
				7F409FE5258CEF3B0099EE6D /* Info.plist */,
				7F409FF0258CF15A0099EE6D /* StarWarsTableViewCell.swift */,
				7F409FF1258CF15A0099EE6D /* StarWarsTableViewCell.xib */,
				7F409FF5258CF1C80099EE6D /* StarWars.swift */,
				7F409FF8258CF5A60099EE6D /* NetworkManager.swift */,
				7F409FFF258D1CAD0099EE6D /* CharacterViewController.swift */,
			);
			path = StarWars;
			sourceTree = "<group>";
		};
/* End PBXGroup section */

/* Begin PBXNativeTarget section */
		7F409FD3258CEF380099EE6D /* StarWars */ = {
			isa = PBXNativeTarget;
			buildConfigurationList = 7F409FE8258CEF3B0099EE6D /* Build configuration list for PBXNativeTarget "StarWars" */;
			buildPhases = (
				7F409FD0258CEF380099EE6D /* Sources */,
				7F409FD1258CEF380099EE6D /* Frameworks */,
				7F409FD2258CEF380099EE6D /* Resources */,
			);
			buildRules = (
			);
			dependencies = (
			);
			name = StarWars;
			productName = StarWars;
			productReference = 7F409FD4258CEF380099EE6D /* StarWars.app */;
			productType = "com.apple.product-type.application";
		};
/* End PBXNativeTarget section */

/* Begin PBXProject section */
		7F409FCC258CEF380099EE6D /* Project object */ = {
			isa = PBXProject;
			attributes = {
				LastSwiftUpdateCheck = 1220;
				LastUpgradeCheck = 1220;
				TargetAttributes = {
					7F409FD3258CEF380099EE6D = {
						CreatedOnToolsVersion = 12.2;
					};
				};
			};
			buildConfigurationList = 7F409FCF258CEF380099EE6D /* Build configuration list for PBXProject "StarWars" */;
			compatibilityVersion = "Xcode 9.3";
			developmentRegion = en;
			hasScannedForEncodings = 0;
			knownRegions = (
				en,
				Base,
			);
			mainGroup = 7F409FCB258CEF380099EE6D;
			productRefGroup = 7F409FD5258CEF380099EE6D /* Products */;
			projectDirPath = "";
			projectRoot = "";
			targets = (
				7F409FD3258CEF380099EE6D /* StarWars */,
			);
		};
/* End PBXProject section */

/* Begin PBXResourcesBuildPhase section */
		7F409FD2258CEF380099EE6D /* Resources */ = {
			isa = PBXResourcesBuildPhase;
			buildActionMask = 2147483647;
			files = (
				7F409FF3258CF15A0099EE6D /* StarWarsTableViewCell.xib in Resources */,
				7F409FE4258CEF3B0099EE6D /* LaunchScreen.storyboard in Resources */,
				7F409FE1258CEF3B0099EE6D /* Assets.xcassets in Resources */,
				7F409FDF258CEF380099EE6D /* Main.storyboard in Resources */,
			);
			runOnlyForDeploymentPostprocessing = 0;
		};
/* End PBXResourcesBuildPhase section */

/* Begin PBXSourcesBuildPhase section */
		7F409FD0258CEF380099EE6D /* Sources */ = {
			isa = PBXSourcesBuildPhase;
			buildActionMask = 2147483647;
			files = (
				7F409FF9258CF5A60099EE6D /* NetworkManager.swift in Sources */,
				7F409FF2258CF15A0099EE6D /* StarWarsTableViewCell.swift in Sources */,
				7F40A000258D1CAD0099EE6D /* CharacterViewController.swift in Sources */,
				7F409FDC258CEF380099EE6D /* ViewController.swift in Sources */,
				7F409FD8258CEF380099EE6D /* AppDelegate.swift in Sources */,
				7F409FDA258CEF380099EE6D /* SceneDelegate.swift in Sources */,
				7F409FF6258CF1C80099EE6D /* StarWars.swift in Sources */,
			);
			runOnlyForDeploymentPostprocessing = 0;
		};
/* End PBXSourcesBuildPhase section */

/* Begin PBXVariantGroup section */
		7F409FDD258CEF380099EE6D /* Main.storyboard */ = {
			isa = PBXVariantGroup;
			children = (
				7F409FDE258CEF380099EE6D /* Base */,
			);
			name = Main.storyboard;
			sourceTree = "<group>";
		};
		7F409FE2258CEF3B0099EE6D /* LaunchScreen.storyboard */ = {
			isa = PBXVariantGroup;
			children = (
				7F409FE3258CEF3B0099EE6D /* Base */,
			);
			name = LaunchScreen.storyboard;
			sourceTree = "<group>";
		};
/* End PBXVariantGroup section */

/* Begin XCBuildConfiguration section */
		7F409FE6258CEF3B0099EE6D /* Debug */ = {
			isa = XCBuildConfiguration;
			buildSettings = {
				ALWAYS_SEARCH_USER_PATHS = NO;
				CLANG_ANALYZER_NONNULL = YES;
				CLANG_ANALYZER_NUMBER_OBJECT_CONVERSION = YES_AGGRESSIVE;
				CLANG_CXX_LANGUAGE_STANDARD = "gnu++14";
				CLANG_CXX_LIBRARY = "libc++";
				CLANG_ENABLE_MODULES = YES;
				CLANG_ENABLE_OBJC_ARC = YES;
				CLANG_ENABLE_OBJC_WEAK = YES;
				CLANG_WARN_BLOCK_CAPTURE_AUTORELEASING = YES;
				CLANG_WARN_BOOL_CONVERSION = YES;
				CLANG_WARN_COMMA = YES;
				CLANG_WARN_CONSTANT_CONVERSION = YES;
				CLANG_WARN_DEPRECATED_OBJC_IMPLEMENTATIONS = YES;
				CLANG_WARN_DIRECT_OBJC_ISA_USAGE = YES_ERROR;
				CLANG_WARN_DOCUMENTATION_COMMENTS = YES;
				CLANG_WARN_EMPTY_BODY = YES;
				CLANG_WARN_ENUM_CONVERSION = YES;
				CLANG_WARN_INFINITE_RECURSION = YES;
				CLANG_WARN_INT_CONVERSION = YES;
				CLANG_WARN_NON_LITERAL_NULL_CONVERSION = YES;
				CLANG_WARN_OBJC_IMPLICIT_RETAIN_SELF = YES;
				CLANG_WARN_OBJC_LITERAL_CONVERSION = YES;
				CLANG_WARN_OBJC_ROOT_CLASS = YES_ERROR;
				CLANG_WARN_QUOTED_INCLUDE_IN_FRAMEWORK_HEADER = YES;
				CLANG_WARN_RANGE_LOOP_ANALYSIS = YES;
				CLANG_WARN_STRICT_PROTOTYPES = YES;
				CLANG_WARN_SUSPICIOUS_MOVE = YES;
				CLANG_WARN_UNGUARDED_AVAILABILITY = YES_AGGRESSIVE;
				CLANG_WARN_UNREACHABLE_CODE = YES;
				CLANG_WARN__DUPLICATE_METHOD_MATCH = YES;
				COPY_PHASE_STRIP = NO;
				DEBUG_INFORMATION_FORMAT = dwarf;
				ENABLE_STRICT_OBJC_MSGSEND = YES;
				ENABLE_TESTABILITY = YES;
				GCC_C_LANGUAGE_STANDARD = gnu11;
				GCC_DYNAMIC_NO_PIC = NO;
				GCC_NO_COMMON_BLOCKS = YES;
				GCC_OPTIMIZATION_LEVEL = 0;
				GCC_PREPROCESSOR_DEFINITIONS = (
					"DEBUG=1",
					"$(inherited)",
				);
				GCC_WARN_64_TO_32_BIT_CONVERSION = YES;
				GCC_WARN_ABOUT_RETURN_TYPE = YES_ERROR;
				GCC_WARN_UNDECLARED_SELECTOR = YES;
				GCC_WARN_UNINITIALIZED_AUTOS = YES_AGGRESSIVE;
				GCC_WARN_UNUSED_FUNCTION = YES;
				GCC_WARN_UNUSED_VARIABLE = YES;
				IPHONEOS_DEPLOYMENT_TARGET = 14.2;
				MTL_ENABLE_DEBUG_INFO = INCLUDE_SOURCE;
				MTL_FAST_MATH = YES;
				ONLY_ACTIVE_ARCH = YES;
				SDKROOT = iphoneos;
				SWIFT_ACTIVE_COMPILATION_CONDITIONS = DEBUG;
				SWIFT_OPTIMIZATION_LEVEL = "-Onone";
			};
			name = Debug;
		};
		7F409FE7258CEF3B0099EE6D /* Release */ = {
			isa = XCBuildConfiguration;
			buildSettings = {
				ALWAYS_SEARCH_USER_PATHS = NO;
				CLANG_ANALYZER_NONNULL = YES;
				CLANG_ANALYZER_NUMBER_OBJECT_CONVERSION = YES_AGGRESSIVE;
				CLANG_CXX_LANGUAGE_STANDARD = "gnu++14";
				CLANG_CXX_LIBRARY = "libc++";
				CLANG_ENABLE_MODULES = YES;
				CLANG_ENABLE_OBJC_ARC = YES;
				CLANG_ENABLE_OBJC_WEAK = YES;
				CLANG_WARN_BLOCK_CAPTURE_AUTORELEASING = YES;
				CLANG_WARN_BOOL_CONVERSION = YES;
				CLANG_WARN_COMMA = YES;
				CLANG_WARN_CONSTANT_CONVERSION = YES;
				CLANG_WARN_DEPRECATED_OBJC_IMPLEMENTATIONS = YES;
				CLANG_WARN_DIRECT_OBJC_ISA_USAGE = YES_ERROR;
				CLANG_WARN_DOCUMENTATION_COMMENTS = YES;
				CLANG_WARN_EMPTY_BODY = YES;
				CLANG_WARN_ENUM_CONVERSION = YES;
				CLANG_WARN_INFINITE_RECURSION = YES;
				CLANG_WARN_INT_CONVERSION = YES;
				CLANG_WARN_NON_LITERAL_NULL_CONVERSION = YES;
				CLANG_WARN_OBJC_IMPLICIT_RETAIN_SELF = YES;
				CLANG_WARN_OBJC_LITERAL_CONVERSION = YES;
				CLANG_WARN_OBJC_ROOT_CLASS = YES_ERROR;
				CLANG_WARN_QUOTED_INCLUDE_IN_FRAMEWORK_HEADER = YES;
				CLANG_WARN_RANGE_LOOP_ANALYSIS = YES;
				CLANG_WARN_STRICT_PROTOTYPES = YES;
				CLANG_WARN_SUSPICIOUS_MOVE = YES;
				CLANG_WARN_UNGUARDED_AVAILABILITY = YES_AGGRESSIVE;
				CLANG_WARN_UNREACHABLE_CODE = YES;
				CLANG_WARN__DUPLICATE_METHOD_MATCH = YES;
				COPY_PHASE_STRIP = NO;
				DEBUG_INFORMATION_FORMAT = "dwarf-with-dsym";
				ENABLE_NS_ASSERTIONS = NO;
				ENABLE_STRICT_OBJC_MSGSEND = YES;
				GCC_C_LANGUAGE_STANDARD = gnu11;
				GCC_NO_COMMON_BLOCKS = YES;
				GCC_WARN_64_TO_32_BIT_CONVERSION = YES;
				GCC_WARN_ABOUT_RETURN_TYPE = YES_ERROR;
				GCC_WARN_UNDECLARED_SELECTOR = YES;
				GCC_WARN_UNINITIALIZED_AUTOS = YES_AGGRESSIVE;
				GCC_WARN_UNUSED_FUNCTION = YES;
				GCC_WARN_UNUSED_VARIABLE = YES;
				IPHONEOS_DEPLOYMENT_TARGET = 14.2;
				MTL_ENABLE_DEBUG_INFO = NO;
				MTL_FAST_MATH = YES;
				SDKROOT = iphoneos;
				SWIFT_COMPILATION_MODE = wholemodule;
				SWIFT_OPTIMIZATION_LEVEL = "-O";
				VALIDATE_PRODUCT = YES;
			};
			name = Release;
		};
		7F409FE9258CEF3B0099EE6D /* Debug */ = {
			isa = XCBuildConfiguration;
			buildSettings = {
				ASSETCATALOG_COMPILER_APPICON_NAME = AppIcon;
				ASSETCATALOG_COMPILER_GLOBAL_ACCENT_COLOR_NAME = AccentColor;
				CODE_SIGN_STYLE = Automatic;
				DEVELOPMENT_TEAM = 45URK3WFF7;
				INFOPLIST_FILE = StarWars/Info.plist;
				LD_RUNPATH_SEARCH_PATHS = (
					"$(inherited)",
					"@executable_path/Frameworks",
				);
				PRODUCT_BUNDLE_IDENTIFIER = com.obaze.project.StarWars;
				PRODUCT_NAME = "$(TARGET_NAME)";
				SWIFT_VERSION = 5.0;
				TARGETED_DEVICE_FAMILY = "1,2";
			};
			name = Debug;
		};
		7F409FEA258CEF3B0099EE6D /* Release */ = {
			isa = XCBuildConfiguration;
			buildSettings = {
				ASSETCATALOG_COMPILER_APPICON_NAME = AppIcon;
				ASSETCATALOG_COMPILER_GLOBAL_ACCENT_COLOR_NAME = AccentColor;
				CODE_SIGN_STYLE = Automatic;
				DEVELOPMENT_TEAM = 45URK3WFF7;
				INFOPLIST_FILE = StarWars/Info.plist;
				LD_RUNPATH_SEARCH_PATHS = (
					"$(inherited)",
					"@executable_path/Frameworks",
				);
				PRODUCT_BUNDLE_IDENTIFIER = com.obaze.project.StarWars;
				PRODUCT_NAME = "$(TARGET_NAME)";
				SWIFT_VERSION = 5.0;
				TARGETED_DEVICE_FAMILY = "1,2";
			};
			name = Release;
		};
/* End XCBuildConfiguration section */

/* Begin XCConfigurationList section */
		7F409FCF258CEF380099EE6D /* Build configuration list for PBXProject "StarWars" */ = {
			isa = XCConfigurationList;
			buildConfigurations = (
				7F409FE6258CEF3B0099EE6D /* Debug */,
				7F409FE7258CEF3B0099EE6D /* Release */,
			);
			defaultConfigurationIsVisible = 0;
			defaultConfigurationName = Release;
		};
		7F409FE8258CEF3B0099EE6D /* Build configuration list for PBXNativeTarget "StarWars" */ = {
			isa = XCConfigurationList;
			buildConfigurations = (
				7F409FE9258CEF3B0099EE6D /* Debug */,
				7F409FEA258CEF3B0099EE6D /* Release */,
			);
			defaultConfigurationIsVisible = 0;
			defaultConfigurationName = Release;
		};
/* End XCConfigurationList section */
	};
	rootObject = 7F409FCC258CEF380099EE6D /* Project object */;
}
